
Microsoft Visual Studio Solution File, Format Version 12.00
# Visual Studio Version 17
VisualStudioVersion = 17.7.34018.315
MinimumVisualStudioVersion = 10.0.40219.1
Project("{9A19103F-16F7-4668-BE54-9A1E7A4F7556}") = "Results", "Results\Results.csproj", "{E3A03F97-8E6E-45F3-82C7-87DD6249046B}"
EndProject
Project("{FAE04EC0-301F-11D3-BF4B-00C04F79EFBC}") = "Results.Tests", "Results.Tests\Results.Tests.csproj", "{FE955D2E-64FA-4101-A4B1-62FD01374364}"
EndProject
Project("{2150E333-8FDC-42A3-9474-1A3956D46DE8}") = "Solution Items", "Solution Items", "{A719477B-4F49-4250-81D7-4EE0EE3D3AD1}"
	ProjectSection(SolutionItems) = preProject
		Diary\2023-08-27_Results.md = Diary\2023-08-27_Results.md
	EndProjectSection
EndProject
Global
	GlobalSection(SolutionConfigurationPlatforms) = preSolution
		Debug|Any CPU = Debug|Any CPU
		Release|Any CPU = Release|Any CPU
	EndGlobalSection
	GlobalSection(ProjectConfigurationPlatforms) = postSolution
		{E3A03F97-8E6E-45F3-82C7-87DD6249046B}.Debug|Any CPU.ActiveCfg = Debug|Any CPU
		{E3A03F97-8E6E-45F3-82C7-87DD6249046B}.Debug|Any CPU.Build.0 = Debug|Any CPU
		{E3A03F97-8E6E-45F3-82C7-87DD6249046B}.Release|Any CPU.ActiveCfg = Release|Any CPU
		{E3A03F97-8E6E-45F3-82C7-87DD6249046B}.Release|Any CPU.Build.0 = Release|Any CPU
		{FE955D2E-64FA-4101-A4B1-62FD01374364}.Debug|Any CPU.ActiveCfg = Debug|Any CPU
		{FE955D2E-64FA-4101-A4B1-62FD01374364}.Debug|Any CPU.Build.0 = Debug|Any CPU
		{FE955D2E-64FA-4101-A4B1-62FD01374364}.Release|Any CPU.ActiveCfg = Release|Any CPU
		{FE955D2E-64FA-4101-A4B1-62FD01374364}.Release|Any CPU.Build.0 = Release|Any CPU
	EndGlobalSection
	GlobalSection(SolutionProperties) = preSolution
		HideSolutionNode = FALSE
	EndGlobalSection
	GlobalSection(ExtensibilityGlobals) = postSolution
		SolutionGuid = {CAA5B6BA-B6C8-4A90-B9E6-D7634295532E}
	EndGlobalSection
EndGlobal
