
Microsoft Visual Studio Solution File, Format Version 12.00
# Visual Studio Version 17
VisualStudioVersion = 17.7.34018.315
MinimumVisualStudioVersion = 10.0.40219.1
Project("{9A19103F-16F7-4668-BE54-9A1E7A4F7556}") = "DotNetThoughts.Results", "Results\DotNetThoughts.Results.csproj", "{E3A03F97-8E6E-45F3-82C7-87DD6249046B}"
EndProject
Project("{9A19103F-16F7-4668-BE54-9A1E7A4F7556}") = "DotNetThoughts.Results.Tests", "Results.Tests\DotNetThoughts.Results.Tests.csproj", "{FE955D2E-64FA-4101-A4B1-62FD01374364}"
EndProject
Project("{FAE04EC0-301F-11D3-BF4B-00C04F79EFBC}") = "DotNetThoughts.Messaging", "DotNetThoughts.Messaging\DotNetThoughts.Messaging.csproj", "{5384948B-8E91-48D8-B19C-183DD836D575}"
EndProject
Project("{FAE04EC0-301F-11D3-BF4B-00C04F79EFBC}") = "DotNetThoughts.Messaging.EfCore", "DotNetThoughts.Messaging.EfCore\DotNetThoughts.Messaging.EfCore.csproj", "{DBB82CD0-D365-4BAB-AF59-0BBD6F226E59}"
EndProject
Global
	GlobalSection(SolutionConfigurationPlatforms) = preSolution
		Debug|Any CPU = Debug|Any CPU
		Release|Any CPU = Release|Any CPU
	EndGlobalSection
	GlobalSection(ProjectConfigurationPlatforms) = postSolution
		{E3A03F97-8E6E-45F3-82C7-87DD6249046B}.Debug|Any CPU.ActiveCfg = Debug|Any CPU
		{E3A03F97-8E6E-45F3-82C7-87DD6249046B}.Debug|Any CPU.Build.0 = Debug|Any CPU
		{E3A03F97-8E6E-45F3-82C7-87DD6249046B}.Release|Any CPU.ActiveCfg = Release|Any CPU
		{E3A03F97-8E6E-45F3-82C7-87DD6249046B}.Release|Any CPU.Build.0 = Release|Any CPU
		{FE955D2E-64FA-4101-A4B1-62FD01374364}.Debug|Any CPU.ActiveCfg = Debug|Any CPU
		{FE955D2E-64FA-4101-A4B1-62FD01374364}.Debug|Any CPU.Build.0 = Debug|Any CPU
		{FE955D2E-64FA-4101-A4B1-62FD01374364}.Release|Any CPU.ActiveCfg = Release|Any CPU
		{FE955D2E-64FA-4101-A4B1-62FD01374364}.Release|Any CPU.Build.0 = Release|Any CPU
		{5384948B-8E91-48D8-B19C-183DD836D575}.Debug|Any CPU.ActiveCfg = Debug|Any CPU
		{5384948B-8E91-48D8-B19C-183DD836D575}.Debug|Any CPU.Build.0 = Debug|Any CPU
		{5384948B-8E91-48D8-B19C-183DD836D575}.Release|Any CPU.ActiveCfg = Release|Any CPU
		{5384948B-8E91-48D8-B19C-183DD836D575}.Release|Any CPU.Build.0 = Release|Any CPU
		{DBB82CD0-D365-4BAB-AF59-0BBD6F226E59}.Debug|Any CPU.ActiveCfg = Debug|Any CPU
		{DBB82CD0-D365-4BAB-AF59-0BBD6F226E59}.Debug|Any CPU.Build.0 = Debug|Any CPU
		{DBB82CD0-D365-4BAB-AF59-0BBD6F226E59}.Release|Any CPU.ActiveCfg = Release|Any CPU
		{DBB82CD0-D365-4BAB-AF59-0BBD6F226E59}.Release|Any CPU.Build.0 = Release|Any CPU
	EndGlobalSection
	GlobalSection(SolutionProperties) = preSolution
		HideSolutionNode = FALSE
	EndGlobalSection
	GlobalSection(ExtensibilityGlobals) = postSolution
		SolutionGuid = {CAA5B6BA-B6C8-4A90-B9E6-D7634295532E}
	EndGlobalSection
EndGlobal
