{
  "version": 2,
  "dependencies": {
    "net9.0": {
      "dotnetthoughts.results": {
        "type": "Project",
        "dependencies": {
          "DotNetThoughts.Results.Analyzer": "[1.5.11, )"
        }
      },
      "DotNetThoughts.Results.Analyzer": {
        "type": "CentralTransitive",
        "requested": "[1.5.11, )",
        "resolved": "1.5.11",
        "contentHash": "v4aIHoS4NgoFtLZhVaesALlXlVXMx2+UK63KzRZsX9L4LUWHJFbJSJ5X1pr6azhPXyLpirRiKUPY7MP4LUEVqw=="
      }
    }
  }
}