{
  "version": 2,
  "dependencies": {
    "net9.0": {
      "Shouldly": {
        "type": "Direct",
        "requested": "[4.3.0, )",
        "resolved": "4.3.0",
        "contentHash": "sDetrWXrl6YXZ4HeLsdBoNk3uIa7K+V4uvIJ+cqdRa5DrFxeTED7VkjoxCuU1kJWpUuBDZz2QXFzSxBtVXLwRQ==",
        "dependencies": {
          "DiffEngine": "11.3.0",
          "EmptyFiles": "4.4.0"
        }
      },
      "Verify.XunitV3": {
        "type": "Direct",
        "requested": "[28.9.0, )",
        "resolved": "28.9.0",
        "contentHash": "StgNBYG7zCjHOniIyRrmn3fpva1Nupyea1f92JGmOx8yWEoWxCwQ+V3rsiHmalPID41gHBKKGTpjLOZqoo7QKw==",
        "dependencies": {
          "Argon": "0.26.0",
          "DiffEngine": "15.8.0",
          "Microsoft.Bcl.AsyncInterfaces": "9.0.0",
          "SimpleInfoName": "3.1.0",
          "System.IO.Hashing": "9.0.0",
          "Verify": "28.9.0",
          "xunit.v3.extensibility.core": "1.0.1"
        }
      },
      "xunit.v3": {
        "type": "Direct",
        "requested": "[1.0.1, )",
        "resolved": "1.0.1",
        "contentHash": "xJtR22OTww41i3q9EyB8BJD9cBvHMqJ0DQMEkd74QxQ/ZwjxfiPifipXlFtJBO4lTZG8yfTCYMHfDAYnyWXJgg==",
        "dependencies": {
          "xunit.analyzers": "1.19.0",
          "xunit.v3.assert": "[1.0.1]",
          "xunit.v3.core": "[1.0.1]"
        }
      },
      "Argon": {
        "type": "Transitive",
        "resolved": "0.26.0",
        "contentHash": "n7btGXdtRyprGnpLMpBs6rLScxlvPtVWwmTR8h7CtJvpZXBGhGvibEdZxRjeTZNrwf403jJ0ZPpt35Pz/NaNsw=="
      },
      "DiffEngine": {
        "type": "Transitive",
        "resolved": "15.8.0",
        "contentHash": "+2cUvCcpUWziG6hnns6lwxkj6VVA+WsEGx3JqHIAt/1D7p+zpyWebqXihcfXzrZ5EqQmM4h+PpuUhYWH0TeCvQ==",
        "dependencies": {
          "EmptyFiles": "8.7.1",
          "System.Management": "9.0.0"
        }
      },
      "EmptyFiles": {
        "type": "Transitive",
        "resolved": "8.7.1",
        "contentHash": "C8pvg0TvG2Mkn5LGNFGkFgFu8SUgYFwiu8U3y34qGQnnwKmGnlQTfTIUrtzfSjPxA4q7L/kRu09U5p32otZ2Aw=="
      },
      "Microsoft.Bcl.AsyncInterfaces": {
        "type": "Transitive",
        "resolved": "9.0.0",
        "contentHash": "owmu2Cr3IQ8yQiBleBHlGk8dSQ12oaF2e7TpzwJKEl4m84kkZJjEY1n33L67Y3zM5jPOjmmbdHjbfiL0RqcMRQ=="
      },
      "Microsoft.Testing.Extensions.TrxReport.Abstractions": {
        "type": "Transitive",
        "resolved": "1.5.0",
        "contentHash": "3vMXWbqqy3rSXYlPshR7CPqG0bgGDOhasyhVtqhAOy2tMED6VKU/IbKNMUmEuqgPNjMkCaicDTfNdXsrJPKcsw==",
        "dependencies": {
          "Microsoft.Testing.Platform": "1.5.0"
        }
      },
      "Microsoft.Testing.Platform": {
        "type": "Transitive",
        "resolved": "1.5.0",
        "contentHash": "L6MsgthfCEuqx4Z3VWmUzilFN4I4hrRIXY0UgGTP9sv9upt1V9m5x9m7fWUKRrnzoE8yTFeRxw1KaI9XmXIzRA=="
      },
      "Microsoft.Testing.Platform.MSBuild": {
        "type": "Transitive",
        "resolved": "1.5.0",
        "contentHash": "D3mL4Tz0m6nDkbl0ZdTnHiyKMqxDc84mtDiFzM6HQgfLlc5OIdZgN+MCj6YD1CW/izQO566XHOFImTSxluiLIg==",
        "dependencies": {
          "Microsoft.Testing.Platform": "1.5.0"
        }
      },
      "SimpleInfoName": {
        "type": "Transitive",
        "resolved": "3.1.0",
        "contentHash": "j+ENh86NhxrgDc6T1ueqIR2QOdDkSJY2dbTFyPN/JvIXifB4GHAunlMw/x7P6m7XaXEHr3s+SMZfKBlmnmkO6g=="
      },
      "System.CodeDom": {
        "type": "Transitive",
        "resolved": "9.0.0",
        "contentHash": "oTE5IfuMoET8yaZP/vdvy9xO47guAv/rOhe4DODuFBN3ySprcQOlXqO3j+e/H/YpKKR5sglrxRaZ2HYOhNJrqA=="
      },
      "System.IO.Hashing": {
        "type": "Transitive",
        "resolved": "9.0.0",
        "contentHash": "seeO8icDfED/Qwl9PDFUx2Gf/7xv7dPsMnw5PnRwNZuz4EWMpy0wIVohC4MfCcTIoJgp+KUrWG4WH3NPSusQOA=="
      },
      "System.Management": {
        "type": "Transitive",
        "resolved": "9.0.0",
        "contentHash": "bVh4xAMI5grY5GZoklKcMBLirhC8Lqzp63Ft3zXJacwGAlLyFdF4k0qz4pnKIlO6HyL2Z4zqmHm9UkzEo6FFsA==",
        "dependencies": {
          "System.CodeDom": "9.0.0"
        }
      },
      "Verify": {
        "type": "Transitive",
        "resolved": "28.9.0",
        "contentHash": "qni0zDkkYSPIhnYejZCOq5ueH+y0s7kEdpSbFXarcxP7rjZvZD0Yuc567KFVFMbVRAo9IORfv9zcXtTGFmpz8A==",
        "dependencies": {
          "Argon": "0.26.0",
          "DiffEngine": "15.8.0",
          "SimpleInfoName": "3.1.0",
          "System.IO.Hashing": "9.0.0"
        }
      },
      "xunit.analyzers": {
        "type": "Transitive",
        "resolved": "1.19.0",
        "contentHash": "T2W88QqtsS9nXlxSWAlf1smwovtR1BUSF8+rgy78sVghicnVkGnZ9GHFpS70OD4iNVbd3HPDI+XsvGbbE3nYgQ=="
      },
      "xunit.v3.assert": {
        "type": "Transitive",
        "resolved": "1.0.1",
        "contentHash": "AOw8nBQxKrCa59CBO7pCe92vH706uUd1dnQ1H0Lwu1oaPTmAmWFIlhPu1FqSmDKSRHTW7dfIfy9E1GwdvYduFA=="
      },
      "xunit.v3.common": {
        "type": "Transitive",
        "resolved": "1.0.1",
        "contentHash": "n1RGdjKLH37BAkeq+NDx67ckFYVmPuzoFwsqlrOrJdanmPhU2hTmP0lqZBtniroT9bjKwGE+eRkHk9knmTS6AQ==",
        "dependencies": {
          "Microsoft.Bcl.AsyncInterfaces": "6.0.0"
        }
      },
      "xunit.v3.core": {
        "type": "Transitive",
        "resolved": "1.0.1",
        "contentHash": "OxbrhTRZSkcfRfRm610Beg4VU7CuUCD1c5UzhGivOU+ZeLERR8vgXRwZA+Suoml9QutEj9guhhw9Mgv/sKDM1Q==",
        "dependencies": {
          "Microsoft.Testing.Platform.MSBuild": "1.5.0",
          "xunit.v3.extensibility.core": "[1.0.1]",
          "xunit.v3.runner.inproc.console": "[1.0.1]"
        }
      },
      "xunit.v3.extensibility.core": {
        "type": "Transitive",
        "resolved": "1.0.1",
        "contentHash": "7N5nLVLVmcojocZfqiRR+XLq5tPTalZmcY6qBZ1JzRXEKBF2A/ZzOvvq2XcsrWFLXmsIBu2K8wkLnKRVLOKRMQ==",
        "dependencies": {
          "xunit.v3.common": "[1.0.1]"
        }
      },
      "xunit.v3.runner.common": {
        "type": "Transitive",
        "resolved": "1.0.1",
        "contentHash": "P7/I8M02npX0vES/AjbwkqrUsz9d+G/uocVYAen3De/mi/mvr8pwa0fXdtcHIuqgVP3vSaNK+PqVKSM2++8rZg==",
        "dependencies": {
          "xunit.v3.common": "[1.0.1]"
        }
      },
      "xunit.v3.runner.inproc.console": {
        "type": "Transitive",
        "resolved": "1.0.1",
        "contentHash": "UTayRV182U83YEGqZHZ/7CRrASCfSbC4qIt0R5cIgCzxIYjjozo7qkuMoKAPSUNI+YzBDiniYUvPcIeCYVTpwQ==",
        "dependencies": {
          "Microsoft.Testing.Extensions.TrxReport.Abstractions": "1.5.0",
          "Microsoft.Testing.Platform": "1.5.0",
          "xunit.v3.extensibility.core": "[1.0.1]",
          "xunit.v3.runner.common": "[1.0.1]"
        }
      },
      "dotnetthoughts.timekeeping": {
        "type": "Project"
      }
    }
  }
}