{
  "version": 2,
  "dependencies": {
    "net9.0": {
      "Microsoft.Testing.Extensions.CodeCoverage": {
        "type": "Direct",
        "requested": "[17.14.2, )",
        "resolved": "17.14.2",
        "contentHash": "lCz1/FMGM8yf4UZh+yJL6ETvH78e7/NblWbK2/Lb6z02iiOtExea3hBQKX+vrq6vBo2o6ZCiYceOGq0t07PLkQ==",
        "dependencies": {
          "Microsoft.DiaSymReader": "2.0.0",
          "Microsoft.Extensions.DependencyModel": "6.0.2",
          "Microsoft.Testing.Platform": "1.6.2",
          "System.Reflection.Metadata": "8.0.0"
        }
      },
      "Microsoft.Testing.Extensions.TrxReport": {
        "type": "Direct",
        "requested": "[1.8.3, )",
        "resolved": "1.8.3",
        "contentHash": "S9W4C3LQe+D+aE2xcrvXmWVi7bKmQUa/n0yuKA8OuOhgjMFROiCnQ0X1MtZGmJmF21An+0Gi4IGyn4qwIFc9CQ==",
        "dependencies": {
          "Microsoft.Testing.Extensions.TrxReport.Abstractions": "1.8.3",
          "Microsoft.Testing.Platform": "1.8.3"
        }
      },
      "TUnit": {
        "type": "Direct",
        "requested": "[0.57.1, )",
        "resolved": "0.57.1",
        "contentHash": "b0JeoGZYPxJMuPYzoDRi3jTX/d5K2KxcfYoSzsEle1+oCOwSA9N9nzhXrBJWU+u8zq/i+SeSx0sROxD2uQ2YVQ==",
        "dependencies": {
          "TUnit.Assertions": "0.57.1",
          "TUnit.Engine": "0.57.1"
        }
      },
      "Verify.TUnit": {
        "type": "Direct",
        "requested": "[30.7.3, )",
        "resolved": "30.7.3",
        "contentHash": "C+vsC1jcFTSI4SmvajagWtAiUWY1HXxBamK9CnQYj4ol6KgAHqlfwDp8i3vP8exAiSXNfnu0z9gOx/o9hOTG4w==",
        "dependencies": {
          "Argon": "0.30.1",
          "DiffEngine": "16.2.3",
          "SimpleInfoName": "3.1.2",
          "TUnit.Core": "0.55.23",
          "Verify": "30.7.3"
        }
      },
      "Argon": {
        "type": "Transitive",
        "resolved": "0.30.1",
        "contentHash": "kjKnBzxJ1Xp4Sh9B7inrP1YjefXH4X8hV4/J5EoDKloog09Kp4KUVoJS8xxYfUbUzJ+Xe5PKZm3hj5pi4ZuCZw=="
      },
      "DiffEngine": {
        "type": "Transitive",
        "resolved": "16.2.3",
        "contentHash": "QWnG0MR3//Ss0G0N9mIfe1HLOrOIRZqau0AOiLt9Gm53ZQf/TLvzoccTkczEW5ACkbhRY5m+p+W7bzFVln2GDw==",
        "dependencies": {
          "EmptyFiles": "8.10.1",
          "System.Management": "8.0.0"
        }
      },
      "EmptyFiles": {
        "type": "Transitive",
        "resolved": "8.10.1",
        "contentHash": "vhLPAqdKuo2qjVkrJbCyacGXO9XTha7G1R5amw44m877FDR/gqFjCfdncj8VyHAC6eNqrCXgYTbHJGO5+l3TJg=="
      },
      "EnumerableAsyncProcessor": {
        "type": "Transitive",
        "resolved": "3.8.4",
        "contentHash": "KlbpupRCz3Kf+P7gsiDvFXJ980i/9lfihMZFmmxIk0Gf6mopEjy74OTJZmdaKDQpE29eQDBnMZB5khyW3eugrg=="
      },
      "Microsoft.DiaSymReader": {
        "type": "Transitive",
        "resolved": "2.0.0",
        "contentHash": "QcZrCETsBJqy/vQpFtJc+jSXQ0K5sucQ6NUFbTNVHD4vfZZOwjZ/3sBzczkC4DityhD3AVO/+K/+9ioLs1AgRA=="
      },
      "Microsoft.Extensions.DependencyModel": {
        "type": "Transitive",
        "resolved": "6.0.2",
        "contentHash": "HS5YsudCGSVoCVdsYJ5FAO9vx0z04qSAXgVzpDJSQ1/w/X9q8hrQVGU2p+Yfui+2KcXLL+Zjc0SX3yJWtBmYiw==",
        "dependencies": {
          "System.Buffers": "4.5.1",
          "System.Memory": "4.5.4",
          "System.Runtime.CompilerServices.Unsafe": "6.0.0",
          "System.Text.Encodings.Web": "6.0.1",
          "System.Text.Json": "6.0.11"
        }
      },
      "Microsoft.Testing.Extensions.TrxReport.Abstractions": {
        "type": "Transitive",
        "resolved": "1.8.3",
        "contentHash": "9hD1a6C4dhhFrR/opeayr1mPwrGueTKEFEe5bycKoZZ0LxW5NuLo8MtwTAMg5GIDVYmEd+oSPyF4emcFSP5LFw==",
        "dependencies": {
          "Microsoft.Testing.Platform": "1.8.3"
        }
      },
      "Microsoft.Testing.Platform": {
        "type": "Transitive",
        "resolved": "1.8.3",
        "contentHash": "oUKlez2HZ+AJxc6ScPSc8WJrbjr/U+in4ftz2MBY1+xvwmCacA+7jce5AkUk9Khte5SrFZolskVkCq7BitfbVA=="
      },
      "Microsoft.Testing.Platform.MSBuild": {
        "type": "Transitive",
        "resolved": "1.4.3",
        "contentHash": "1gGqgHtiZ6tZn/6Tby+qlKpNe5Ye/5LnxlSsyl4XMZ4m4V+Cu1K1m+gD1zxoxHIvLjgX8mCnQRK95MGBBFuumw==",
        "dependencies": {
          "Microsoft.Testing.Platform": "1.4.3"
        }
      },
      "SimpleInfoName": {
        "type": "Transitive",
        "resolved": "3.1.2",
        "contentHash": "/OoEZQxSW6DeTJ9nfrg8BLCOCWpxBiWHV4NkG3t+Xpe8tvzm7yCwKwxkhpauMl3fg9OjlIjJMKX61H6VavLkrw=="
      },
      "System.Buffers": {
        "type": "Transitive",
        "resolved": "4.5.1",
        "contentHash": "Rw7ijyl1qqRS0YQD/WycNst8hUUMgrMH4FCn1nNm27M4VxchZ1js3fVjQaANHO5f3sN4isvP4a+Met9Y4YomAg=="
      },
      "System.CodeDom": {
        "type": "Transitive",
        "resolved": "8.0.0",
        "contentHash": "WTlRjL6KWIMr/pAaq3rYqh0TJlzpouaQ/W1eelssHgtlwHAH25jXTkUphTYx9HaIIf7XA6qs/0+YhtLEQRkJ+Q=="
      },
      "System.Collections.Immutable": {
        "type": "Transitive",
        "resolved": "8.0.0",
        "contentHash": "AurL6Y5BA1WotzlEvVaIDpqzpIPvYnnldxru8oXJU2yFxFUy3+pNXjXd1ymO+RA0rq0+590Q8gaz2l3Sr7fmqg=="
      },
      "System.Management": {
        "type": "Transitive",
        "resolved": "8.0.0",
        "contentHash": "jrK22i5LRzxZCfGb+tGmke2VH7oE0DvcDlJ1HAKYU8cPmD8XnpUT0bYn2Gy98GEhGjtfbR/sxKTVb+dE770pfA==",
        "dependencies": {
          "System.CodeDom": "8.0.0"
        }
      },
      "System.Memory": {
        "type": "Transitive",
        "resolved": "4.5.4",
        "contentHash": "1MbJTHS1lZ4bS4FmsJjnuGJOu88ZzTT2rLvrhW7Ygic+pC0NWA+3hgAen0HRdsocuQXCkUTdFn9yHJJhsijDXw=="
      },
      "System.Reflection.Metadata": {
        "type": "Transitive",
        "resolved": "8.0.0",
        "contentHash": "ptvgrFh7PvWI8bcVqG5rsA/weWM09EnthFHR5SCnS6IN+P4mj6rE1lBDC4U8HL9/57htKAqy4KQ3bBj84cfYyQ==",
        "dependencies": {
          "System.Collections.Immutable": "8.0.0"
        }
      },
      "System.Runtime.CompilerServices.Unsafe": {
        "type": "Transitive",
        "resolved": "6.0.0",
        "contentHash": "/iUeP3tq1S0XdNNoMz5C9twLSrM/TH+qElHkXWaPvuNOt+99G75NrV0OS2EqHx5wMN7popYjpc8oTjC1y16DLg=="
      },
      "System.Text.Encodings.Web": {
        "type": "Transitive",
        "resolved": "6.0.1",
        "contentHash": "E5M5AE2OUTlCrf4omZvzzziUJO9CofBl+lXHaN5IKePPJvHqYFYYpaDPgCpR4VwaFbEebfnjOxxEBtPtsqAxpQ=="
      },
      "System.Text.Json": {
        "type": "Transitive",
        "resolved": "6.0.11",
        "contentHash": "xqC1HIbJMBFhrpYs76oYP+NAskNVjc6v73HqLal7ECRDPIp4oRU5pPavkD//vNactCn9DA2aaald/I5N+uZ5/g=="
      },
      "System.Threading.Channels": {
        "type": "Transitive",
        "resolved": "9.0.0",
        "contentHash": "hzACdIf1C+4Dqos5ijV404b94+LqfIC8nfS3mNpCDFWowb1N3PNfJPopneq32ahWlDeyaPZJqjBk76YFR69Rpg=="
      },
      "TUnit.Assertions": {
        "type": "Transitive",
        "resolved": "0.57.1",
        "contentHash": "u1iNkxHLOd0YCqVtFZMVNpK/+M7tSl6oCAgem07op6rfjo9Kjvl0kuCwIgV801gfKhcOuVV+UH49ahdCzXHzjQ=="
      },
      "TUnit.Core": {
        "type": "Transitive",
        "resolved": "0.57.1",
        "contentHash": "KurlqqxftxcNJ6Fet60ycKaeYns+c2p5zIim7lQl+NktWaYtwJTAMUwm0vmuJKfEqUw0x6gYa0GmwOmqEStxhA=="
      },
      "TUnit.Engine": {
        "type": "Transitive",
        "resolved": "0.57.1",
        "contentHash": "7gQw/3+Rna6iOaiEShYis8H51S0uWd3exyygs8D99pHC24abQyTzL1hnyAql5ikcV1J/xowGYQkiOZJu2VfKiw==",
        "dependencies": {
          "EnumerableAsyncProcessor": "3.8.4",
          "Microsoft.Testing.Extensions.TrxReport.Abstractions": "1.8.2",
          "Microsoft.Testing.Platform": "1.8.2",
          "Microsoft.Testing.Platform.MSBuild": "1.4.3",
          "System.Threading.Channels": "9.0.0",
          "TUnit.Core": "0.57.1"
        }
      },
      "Verify": {
        "type": "Transitive",
        "resolved": "30.7.3",
        "contentHash": "k3JxsaWq20VO96NHtYpr5TYKQTUSHEZ64DaSN7RbDJNhJTpCkwVxVzgJQgFVgBKPzBdHPTXK6szbB+utbUtmSA==",
        "dependencies": {
          "Argon": "0.30.1",
          "DiffEngine": "16.2.3",
          "SimpleInfoName": "3.1.2"
        }
      },
      "dotnetthoughts.timekeeping": {
        "type": "Project"
      }
    }
  }
}